
Microsoft Visual Studio Solution File, Format Version 12.00
# Visual Studio Version 16
VisualStudioVersion = 16.0.31605.320
MinimumVisualStudioVersion = 10.0.40219.1
Project("{9A19103F-16F7-4668-BE54-9A1E7A4F7556}") = "SwiggyLLD", "SwiggyLLD\SwiggyLLD.csproj", "{D8F187CA-31BB-4ADA-936C-027B51DE4D60}"
EndProject
Global
	GlobalSection(SolutionConfigurationPlatforms) = preSolution
		Debug|Any CPU = Debug|Any CPU
		Release|Any CPU = Release|Any CPU
	EndGlobalSection
	GlobalSection(ProjectConfigurationPlatforms) = postSolution
		{D8F187CA-31BB-4ADA-936C-027B51DE4D60}.Debug|Any CPU.ActiveCfg = Debug|Any CPU
		{D8F187CA-31BB-4ADA-936C-027B51DE4D60}.Debug|Any CPU.Build.0 = Debug|Any CPU
		{D8F187CA-31BB-4ADA-936C-027B51DE4D60}.Release|Any CPU.ActiveCfg = Release|Any CPU
		{D8F187CA-31BB-4ADA-936C-027B51DE4D60}.Release|Any CPU.Build.0 = Release|Any CPU
	EndGlobalSection
	GlobalSection(SolutionProperties) = preSolution
		HideSolutionNode = FALSE
	EndGlobalSection
	GlobalSection(ExtensibilityGlobals) = postSolution
		SolutionGuid = {2B516E45-65A8-41D5-B8D6-F853B3697FE9}
	EndGlobalSection
EndGlobal
